schema: '2.0'
stages:
  preprocess:
    cmd: python src/preprocess.py
    deps:
    - path: data/raw/energydata_complete_v1.csv
      hash: md5
      md5: 9d69e129ab72daf11e3712a9d8895eb5
      size: 4349
    - path: src/preprocess.py
      hash: md5
      md5: 6ce4567d00787f01a276b79b52b04b42
      size: 791
    outs:
    - path: data/processed/energydata_complete_v1.csv
      hash: md5
      md5: af6d0170fbbb52e3d4095dab2d6ffe9d
      size: 3251
  metrics:
    cmd: python src/metrics.py
    deps:
    - path: data/processed/energydata_complete_v1.csv
      hash: md5
      md5: af6d0170fbbb52e3d4095dab2d6ffe9d
      size: 3251
    - path: src/metrics.py
      hash: md5
      md5: 4b4aa3af03144e9e594ddcc0f93e8d7f
      size: 1555
    outs:
    - path: data/metrics/energydata_complete_v1.json
      hash: md5
      md5: b16320feef5da4188a2db657c4346030
      size: 1315
  train:
    cmd: python src/train.py
    deps:
    - path: data/processed/energydata_complete_v1.csv
      hash: md5
      md5: af6d0170fbbb52e3d4095dab2d6ffe9d
      size: 3251
    - path: src/train.py
      hash: md5
      md5: 48a80b55db6aed125ecf7dca78abad33
      size: 1913
    outs:
    - path: data/models/iris_classifier.pkl
      hash: md5
      md5: bf5249c8812575d1699c32cb5c2bfbe2
      size: 117713
